
Microsoft Visual Studio Solution File, Format Version 12.00
# Visual Studio Version 17
VisualStudioVersion = 17.0.31903.59
MinimumVisualStudioVersion = 10.0.40219.1
Project("{FAE04EC0-301F-11D3-BF4B-00C04F79EFBC}") = "Orleans.Clustering.FoundationDb", "Orleans.Clustering.FoundationDb\Orleans.Clustering.FoundationDb.csproj", "{AF0A18E8-FFFA-4B1A-A064-BF4ACAF1518B}"
EndProject
Project("{FAE04EC0-301F-11D3-BF4B-00C04F79EFBC}") = "Orleans.FoundationDb.Tests", "Orleans.FoundationDb.Tests\Orleans.FoundationDb.Tests.csproj", "{1583538F-D7F9-444D-8175-FA03CD7FDDD3}"
EndProject
Project("{FAE04EC0-301F-11D3-BF4B-00C04F79EFBC}") = "Orleans.Persistence.FoundationDb", "Orleans.Persistence.FoundationDb\Orleans.Persistence.FoundationDb.csproj", "{77600A3F-3D9A-47FB-9EBA-A4446754B57A}"
EndProject
Project("{FAE04EC0-301F-11D3-BF4B-00C04F79EFBC}") = "Orleans.Reminders.FoundationDb", "Orleans.Reminders.FoundationDb\Orleans.Reminders.FoundationDb.csproj", "{1B8B665E-A740-47F7-8304-F6A88DA306EF}"
EndProject
Project("{FAE04EC0-301F-11D3-BF4B-00C04F79EFBC}") = "Orleans.Streaming.FoundationDb", "Orleans.Streaming.FoundationDb\Orleans.Streaming.FoundationDb.csproj", "{87B9FAB1-EDAC-4309-94EA-6325F7F34E80}"
EndProject
Global
	GlobalSection(SolutionConfigurationPlatforms) = preSolution
		Debug|Any CPU = Debug|Any CPU
		Release|Any CPU = Release|Any CPU
	EndGlobalSection
	GlobalSection(ProjectConfigurationPlatforms) = postSolution
		{AF0A18E8-FFFA-4B1A-A064-BF4ACAF1518B}.Debug|Any CPU.ActiveCfg = Debug|Any CPU
		{AF0A18E8-FFFA-4B1A-A064-BF4ACAF1518B}.Debug|Any CPU.Build.0 = Debug|Any CPU
		{AF0A18E8-FFFA-4B1A-A064-BF4ACAF1518B}.Release|Any CPU.ActiveCfg = Release|Any CPU
		{AF0A18E8-FFFA-4B1A-A064-BF4ACAF1518B}.Release|Any CPU.Build.0 = Release|Any CPU
		{1583538F-D7F9-444D-8175-FA03CD7FDDD3}.Debug|Any CPU.ActiveCfg = Debug|Any CPU
		{1583538F-D7F9-444D-8175-FA03CD7FDDD3}.Debug|Any CPU.Build.0 = Debug|Any CPU
		{1583538F-D7F9-444D-8175-FA03CD7FDDD3}.Release|Any CPU.ActiveCfg = Release|Any CPU
		{1583538F-D7F9-444D-8175-FA03CD7FDDD3}.Release|Any CPU.Build.0 = Release|Any CPU
		{77600A3F-3D9A-47FB-9EBA-A4446754B57A}.Debug|Any CPU.ActiveCfg = Debug|Any CPU
		{77600A3F-3D9A-47FB-9EBA-A4446754B57A}.Debug|Any CPU.Build.0 = Debug|Any CPU
		{77600A3F-3D9A-47FB-9EBA-A4446754B57A}.Release|Any CPU.ActiveCfg = Release|Any CPU
		{77600A3F-3D9A-47FB-9EBA-A4446754B57A}.Release|Any CPU.Build.0 = Release|Any CPU
		{1B8B665E-A740-47F7-8304-F6A88DA306EF}.Debug|Any CPU.ActiveCfg = Debug|Any CPU
		{1B8B665E-A740-47F7-8304-F6A88DA306EF}.Debug|Any CPU.Build.0 = Debug|Any CPU
		{1B8B665E-A740-47F7-8304-F6A88DA306EF}.Release|Any CPU.ActiveCfg = Release|Any CPU
		{1B8B665E-A740-47F7-8304-F6A88DA306EF}.Release|Any CPU.Build.0 = Release|Any CPU
		{87B9FAB1-EDAC-4309-94EA-6325F7F34E80}.Debug|Any CPU.ActiveCfg = Debug|Any CPU
		{87B9FAB1-EDAC-4309-94EA-6325F7F34E80}.Debug|Any CPU.Build.0 = Debug|Any CPU
		{87B9FAB1-EDAC-4309-94EA-6325F7F34E80}.Release|Any CPU.ActiveCfg = Release|Any CPU
		{87B9FAB1-EDAC-4309-94EA-6325F7F34E80}.Release|Any CPU.Build.0 = Release|Any CPU
	EndGlobalSection
	GlobalSection(SolutionProperties) = preSolution
		HideSolutionNode = FALSE
	EndGlobalSection
EndGlobal
